<?xml version="1.0" encoding="utf-8"?>
<Project ToolsVersion="4.0" xmlns="http://schemas.microsoft.com/developer/msbuild/2003">
  <ItemGroup>
    <Filter Include="源文件">
      <UniqueIdentifier>{4FC737F1-C7A5-4376-A066-2A32D752A2FF}</UniqueIdentifier>
      <Extensions>cpp;c;cc;cxx;def;odl;idl;hpj;bat;asm;asmx</Extensions>
    </Filter>
    <Filter Include="头文件">
      <UniqueIdentifier>{93995380-89BD-4b04-88EB-625FBE52EBFB}</UniqueIdentifier>
      <Extensions>h;hh;hpp;hxx;hm;inl;inc;ipp;xsd</Extensions>
    </Filter>
    <Filter Include="头文件\App">
      <UniqueIdentifier>{51b8ad59-25a3-4b38-b313-105221f3f659}</UniqueIdentifier>
    </Filter>
    <Filter Include="头文件\Util">
      <UniqueIdentifier>{c42132a1-75ce-413e-a514-7e73481c3b43}</UniqueIdentifier>
    </Filter>
    <Filter Include="源文件\App">
      <UniqueIdentifier>{fe21a761-f397-4b18-82cd-4fa21c2fb534}</UniqueIdentifier>
    </Filter>
    <Filter Include="源文件\Component">
      <UniqueIdentifier>{c0efd7ce-1df8-4e76-b817-c764b54d86a9}</UniqueIdentifier>
    </Filter>
    <Filter Include="源文件\Util">
      <UniqueIdentifier>{0c854192-f99f-45f5-af91-f19c9629362e}</UniqueIdentifier>
    </Filter>
    <Filter Include="头文件\Component">
      <UniqueIdentifier>{100406d7-0d32-4acb-bde6-cce41da31d8d}</UniqueIdentifier>
    </Filter>
    <Filter Include="着色器">
      <UniqueIdentifier>{47986a1d-d781-465d-a332-832c5dc03d94}</UniqueIdentifier>
    </Filter>
    <Filter Include="源文件\Component\Effect">
      <UniqueIdentifier>{46d04da9-81ac-47c4-b79d-5dac73b39c8d}</UniqueIdentifier>
    </Filter>
    <Filter Include="头文件\Component\Effect">
      <UniqueIdentifier>{87989d44-21d1-40e3-bb8a-a4ada69f9bfa}</UniqueIdentifier>
    </Filter>
    <Filter Include="头文件\Component\Gui">
      <UniqueIdentifier>{e16010a2-e18d-4a0c-b8ed-9a7c632c3e6f}</UniqueIdentifier>
    </Filter>
    <Filter Include="源文件\Component\Gui">
      <UniqueIdentifier>{a594379b-1cd0-43ac-ad83-8de429050d34}</UniqueIdentifier>
    </Filter>
    <Filter Include="头文件\Component\Render">
      <UniqueIdentifier>{2130dfc3-46fd-4f6d-862e-5af903354860}</UniqueIdentifier>
    </Filter>
    <Filter Include="源文件\Component\Render">
      <UniqueIdentifier>{198e4b97-703e-4184-bffb-a90f7875a3fb}</UniqueIdentifier>
    </Filter>
    <Filter Include="资源">
      <UniqueIdentifier>{8ce91bf0-29e7-478f-bd47-07d0c419ab2f}</UniqueIdentifier>
    </Filter>
    <Filter Include="源文件\Component\Render\Pass">
      <UniqueIdentifier>{559d33e5-2d27-4f1b-9b97-7cd91e1ceedd}</UniqueIdentifier>
    </Filter>
    <Filter Include="头文件\Component\Render\Pass">
      <UniqueIdentifier>{35dcad58-0db9-4100-8ef4-8b7ce825e4cc}</UniqueIdentifier>
    </Filter>
  </ItemGroup>
  <ItemGroup>
    <ClCompile Include="AppEntry.cpp">
      <Filter>源文件</Filter>
    </ClCompile>
    <ClCompile Include="D3DApplication.cpp">
      <Filter>源文件\App</Filter>
    </ClCompile>
    <ClCompile Include="D3DUtilities.cpp">
      <Filter>源文件\Util</Filter>
    </ClCompile>
    <ClCompile Include="DXException.cpp">
      <Filter>源文件\Util</Filter>
    </ClCompile>
    <ClCompile Include="RenderItem.cpp">
      <Filter>源文件\Component</Filter>
    </ClCompile>
    <ClCompile Include="Timer.cpp">
      <Filter>源文件\Util</Filter>
    </ClCompile>
    <ClCompile Include="DemoApp.cpp">
      <Filter>源文件\App</Filter>
    </ClCompile>
    <ClCompile Include="Effect.cpp">
      <Filter>源文件\Component\Effect</Filter>
    </ClCompile>
    <ClCompile Include="ColorEffect.cpp">
      <Filter>源文件\Component\Effect</Filter>
    </ClCompile>
    <ClCompile Include="Texture.cpp">
      <Filter>源文件\Component</Filter>
    </ClCompile>
    <ClCompile Include="BasicEffect.cpp">
      <Filter>源文件\Component\Effect</Filter>
    </ClCompile>
    <ClCompile Include="Camera.cpp">
      <Filter>源文件\Component</Filter>
    </ClCompile>
    <ClCompile Include="ShadowMap.cpp">
      <Filter>源文件\Component</Filter>
    </ClCompile>
    <ClCompile Include="ShadowEffect.cpp">
      <Filter>源文件\Component\Effect</Filter>
    </ClCompile>
    <ClCompile Include="EffectManager.cpp">
      <Filter>源文件\Component</Filter>
    </ClCompile>
    <ClCompile Include="Gui.cpp">
      <Filter>源文件\Component\Gui</Filter>
    </ClCompile>
    <ClCompile Include="StateManager.cpp">
      <Filter>源文件\Component</Filter>
    </ClCompile>
    <ClCompile Include="Renderer.cpp">
      <Filter>源文件\Component\Render</Filter>
    </ClCompile>
    <ClCompile Include="D2DDrawer.cpp">
      <Filter>源文件\Component\Render</Filter>
    </ClCompile>
    <ClCompile Include="ShadowPass.cpp">
      <Filter>源文件\Component\Render\Pass</Filter>
    </ClCompile>
    <ClCompile Include="ForwardPass.cpp">
      <Filter>源文件\Component\Render\Pass</Filter>
    </ClCompile>
    <ClCompile Include="GuiScreen.cpp">
      <Filter>源文件</Filter>
    </ClCompile>
    <ClCompile Include="DemoGuiScreen.cpp">
      <Filter>源文件</Filter>
    </ClCompile>
  </ItemGroup>
  <ItemGroup>
    <ClInclude Include="D3DApplication.h">
      <Filter>头文件\App</Filter>
    </ClInclude>
    <ClInclude Include="DemoApp.h">
      <Filter>头文件\App</Filter>
    </ClInclude>
    <ClInclude Include="D3DUtilities.h">
      <Filter>头文件\Util</Filter>
    </ClInclude>
    <ClInclude Include="DXException.h">
      <Filter>头文件\Util</Filter>
    </ClInclude>
    <ClInclude Include="RenderItem.h">
      <Filter>头文件\Component</Filter>
    </ClInclude>
    <ClInclude Include="Mesh.h">
      <Filter>头文件\Component</Filter>
    </ClInclude>
    <ClInclude Include="Timer.h">
      <Filter>头文件\Util</Filter>
    </ClInclude>
    <ClInclude Include="Effect.h">
      <Filter>头文件\Component\Effect</Filter>
    </ClInclude>
    <ClInclude Include="ColorEffect.h">
      <Filter>头文件\Component\Effect</Filter>
    </ClInclude>
    <ClInclude Include="Texture.h">
      <Filter>头文件\Component</Filter>
    </ClInclude>
    <ClInclude Include="BasicEffect.h">
      <Filter>头文件\Component\Effect</Filter>
    </ClInclude>
    <ClInclude Include="Camera.h">
      <Filter>头文件\Component</Filter>
    </ClInclude>
    <ClInclude Include="MeshLoader.hpp">
      <Filter>头文件\Util</Filter>
    </ClInclude>
    <ClInclude Include="ShadowMap.h">
      <Filter>头文件\Component</Filter>
    </ClInclude>
    <ClInclude Include="ShadowEffect.h">
      <Filter>头文件\Component\Effect</Filter>
    </ClInclude>
    <ClInclude Include="EffectManager.h">
      <Filter>头文件\Component</Filter>
    </ClInclude>
    <ClInclude Include="Gui.h">
      <Filter>头文件\Component\Gui</Filter>
    </ClInclude>
    <ClInclude Include="Renderer.h">
      <Filter>头文件\Component\Render</Filter>
    </ClInclude>
    <ClInclude Include="StateManager.h">
      <Filter>头文件\Component</Filter>
    </ClInclude>
    <ClInclude Include="D2DDrawer.h">
      <Filter>头文件\Component\Render</Filter>
    </ClInclude>
    <ClInclude Include="ForwardPass.h">
      <Filter>头文件\Component\Render\Pass</Filter>
    </ClInclude>
    <ClInclude Include="ShadowPass.h">
      <Filter>头文件\Component\Render\Pass</Filter>
    </ClInclude>
    <ClInclude Include="GuiScreen.h">
      <Filter>头文件</Filter>
    </ClInclude>
    <ClInclude Include="DemoGuiScreen.h">
      <Filter>头文件</Filter>
    </ClInclude>
  </ItemGroup>
  <ItemGroup>
    <None Include="color.hlsl">
      <Filter>着色器</Filter>
    </None>
    <None Include="basic.hlsl">
      <Filter>着色器</Filter>
    </None>
    <None Include="shadow.hlsl">
      <Filter>着色器</Filter>
    </None>
    <None Include="resources\plate.mtl">
      <Filter>资源</Filter>
    </None>
    <None Include="resources\sphere.mtl">
      <Filter>资源</Filter>
    </None>
    <None Include="resources\plate.obj">
      <Filter>资源</Filter>
    </None>
    <None Include="resources\sphere.obj">
      <Filter>资源</Filter>
    </None>
    <None Include="ClassDiagram.cd" />
    <None Include="resources\terrain.mtl">
      <Filter>资源</Filter>
    </None>
    <None Include="resources\terrain.obj">
      <Filter>资源</Filter>
    </None>
    <None Include="packages.config" />
  </ItemGroup>
  <ItemGroup>
    <Image Include="resources\reimu.DDS">
      <Filter>资源</Filter>
    </Image>
    <Image Include="resources\sphere_uv.DDS">
      <Filter>资源</Filter>
    </Image>
  </ItemGroup>
</Project>